{
  "name": "git-recent",
  "version": "2.2.0",
  "lockfileVersion": 3,
  "requires": true,
  "packages": {
    "": {
      "name": "git-recent",
      "version": "2.2.0",
      "license": "MIT",
      "bin": {
        "git-recent": "git-recent",
        "git-recent-og": "git-recent-og"
      }
    }
  }
}
